
Microsoft Visual Studio Solution File, Format Version 12.00
# Visual Studio Version 17
VisualStudioVersion = 17.9.34728.123
MinimumVisualStudioVersion = 10.0.40219.1
Project("{FAE04EC0-301F-11D3-BF4B-00C04F79EFBC}") = "Lista1ex5", "Lista1ex5\Lista1ex5.csproj", "{49DA3BE1-0D35-485D-AC02-2760A33DFCDF}"
EndProject
Global
	GlobalSection(SolutionConfigurationPlatforms) = preSolution
		Debug|Any CPU = Debug|Any CPU
		Release|Any CPU = Release|Any CPU
	EndGlobalSection
	GlobalSection(ProjectConfigurationPlatforms) = postSolution
		{49DA3BE1-0D35-485D-AC02-2760A33DFCDF}.Debug|Any CPU.ActiveCfg = Debug|Any CPU
		{49DA3BE1-0D35-485D-AC02-2760A33DFCDF}.Debug|Any CPU.Build.0 = Debug|Any CPU
		{49DA3BE1-0D35-485D-AC02-2760A33DFCDF}.Release|Any CPU.ActiveCfg = Release|Any CPU
		{49DA3BE1-0D35-485D-AC02-2760A33DFCDF}.Release|Any CPU.Build.0 = Release|Any CPU
	EndGlobalSection
	GlobalSection(SolutionProperties) = preSolution
		HideSolutionNode = FALSE
	EndGlobalSection
	GlobalSection(ExtensibilityGlobals) = postSolution
		SolutionGuid = {11DA5492-F3FC-40DC-86F9-554B8E3DB059}
	EndGlobalSection
EndGlobal
